
Microsoft Visual Studio Solution File, Format Version 12.00
# Visual Studio Version 17
VisualStudioVersion = 17.9.34728.123
MinimumVisualStudioVersion = 10.0.40219.1
Project("{9A19103F-16F7-4668-BE54-9A1E7A4F7556}") = "LoveSync", "LoveSync\LoveSync.csproj", "{A07FE690-D6C9-4D8B-9900-AAFD7F0D56F7}"
EndProject
Global
	GlobalSection(SolutionConfigurationPlatforms) = preSolution
		Debug|Any CPU = Debug|Any CPU
		Release|Any CPU = Release|Any CPU
	EndGlobalSection
	GlobalSection(ProjectConfigurationPlatforms) = postSolution
		{A07FE690-D6C9-4D8B-9900-AAFD7F0D56F7}.Debug|Any CPU.ActiveCfg = Debug|Any CPU
		{A07FE690-D6C9-4D8B-9900-AAFD7F0D56F7}.Debug|Any CPU.Build.0 = Debug|Any CPU
		{A07FE690-D6C9-4D8B-9900-AAFD7F0D56F7}.Release|Any CPU.ActiveCfg = Release|Any CPU
		{A07FE690-D6C9-4D8B-9900-AAFD7F0D56F7}.Release|Any CPU.Build.0 = Release|Any CPU
	EndGlobalSection
	GlobalSection(SolutionProperties) = preSolution
		HideSolutionNode = FALSE
	EndGlobalSection
	GlobalSection(ExtensibilityGlobals) = postSolution
		SolutionGuid = {E789B87E-1E12-49C0-8D20-EDAC436A9A25}
	EndGlobalSection
EndGlobal
